
Microsoft Visual Studio Solution File, Format Version 12.00
# Visual Studio Version 16
VisualStudioVersion = 16.0.29926.136
MinimumVisualStudioVersion = 10.0.40219.1
Project("{9A19103F-16F7-4668-BE54-9A1E7A4F7556}") = "DiscriminatedUnion", "DiscriminatedUnion\DiscriminatedUnion.csproj", "{84ACA241-B96B-474B-BA7F-7DCEAE964EDF}"
EndProject
Project("{9A19103F-16F7-4668-BE54-9A1E7A4F7556}") = "DiscriminatedUnion.Test", "DiscriminatedUnion.Test\DiscriminatedUnion.Test.csproj", "{33C83772-E997-4012-A93C-5E2C2EC2DB67}"
EndProject
Project("{2150E333-8FDC-42A3-9474-1A3956D46DE8}") = "Solution Items", "Solution Items", "{2AA20DA5-60A5-4B8B-8178-9CEA8182BD88}"
	ProjectSection(SolutionItems) = preProject
		README.md = README.md
	EndProjectSection
EndProject
Project("{FAE04EC0-301F-11D3-BF4B-00C04F79EFBC}") = "ADifferentLibrary", "ADifferentLibrary\ADifferentLibrary.csproj", "{03E8F3C3-BF80-459D-B7A3-F4319CEB484D}"
EndProject
Global
	GlobalSection(SolutionConfigurationPlatforms) = preSolution
		Debug|Any CPU = Debug|Any CPU
		Release|Any CPU = Release|Any CPU
	EndGlobalSection
	GlobalSection(ProjectConfigurationPlatforms) = postSolution
		{84ACA241-B96B-474B-BA7F-7DCEAE964EDF}.Debug|Any CPU.ActiveCfg = Debug|Any CPU
		{84ACA241-B96B-474B-BA7F-7DCEAE964EDF}.Debug|Any CPU.Build.0 = Debug|Any CPU
		{84ACA241-B96B-474B-BA7F-7DCEAE964EDF}.Release|Any CPU.ActiveCfg = Release|Any CPU
		{84ACA241-B96B-474B-BA7F-7DCEAE964EDF}.Release|Any CPU.Build.0 = Release|Any CPU
		{33C83772-E997-4012-A93C-5E2C2EC2DB67}.Debug|Any CPU.ActiveCfg = Debug|Any CPU
		{33C83772-E997-4012-A93C-5E2C2EC2DB67}.Debug|Any CPU.Build.0 = Debug|Any CPU
		{33C83772-E997-4012-A93C-5E2C2EC2DB67}.Release|Any CPU.ActiveCfg = Release|Any CPU
		{33C83772-E997-4012-A93C-5E2C2EC2DB67}.Release|Any CPU.Build.0 = Release|Any CPU
		{03E8F3C3-BF80-459D-B7A3-F4319CEB484D}.Debug|Any CPU.ActiveCfg = Debug|Any CPU
		{03E8F3C3-BF80-459D-B7A3-F4319CEB484D}.Debug|Any CPU.Build.0 = Debug|Any CPU
		{03E8F3C3-BF80-459D-B7A3-F4319CEB484D}.Release|Any CPU.ActiveCfg = Release|Any CPU
		{03E8F3C3-BF80-459D-B7A3-F4319CEB484D}.Release|Any CPU.Build.0 = Release|Any CPU
	EndGlobalSection
	GlobalSection(SolutionProperties) = preSolution
		HideSolutionNode = FALSE
	EndGlobalSection
	GlobalSection(ExtensibilityGlobals) = postSolution
		SolutionGuid = {61249154-DD96-4184-84E9-4E764BC3BAFB}
	EndGlobalSection
EndGlobal
